
Microsoft Visual Studio Solution File, Format Version 12.00
# Visual Studio 15
Project("{FAE04EC0-301F-11D3-BF4B-00C04F79EFBC}") = "UnityEngine.TestRunner", "UnityEngine.TestRunner.csproj", "{481690FB-E57B-7310-0FFB-839DF04719F3}"
EndProject
Project("{FAE04EC0-301F-11D3-BF4B-00C04F79EFBC}") = "Unity.Timeline", "Unity.Timeline.csproj", "{507D803E-DAB9-1654-B411-8E3E0567B25E}"
EndProject
Project("{FAE04EC0-301F-11D3-BF4B-00C04F79EFBC}") = "UnityEngine.UI", "UnityEngine.UI.csproj", "{71C4590E-836F-C90C-A67B-EEA7B105445A}"
EndProject
Project("{FAE04EC0-301F-11D3-BF4B-00C04F79EFBC}") = "Unity.TextMeshPro", "Unity.TextMeshPro.csproj", "{5FCD9DAF-26F1-6D6C-5EC2-827522EB9E95}"
EndProject
Project("{FAE04EC0-301F-11D3-BF4B-00C04F79EFBC}") = "Assembly-CSharp", "Assembly-CSharp.csproj", "{0C89DCFB-3BAD-6C28-6B5B-24F8CAF266D6}"
EndProject
Project("{FAE04EC0-301F-11D3-BF4B-00C04F79EFBC}") = "UnityEditor.TestRunner", "UnityEditor.TestRunner.csproj", "{709AF680-A549-9627-C42D-1E8E67D2D2EB}"
EndProject
Project("{FAE04EC0-301F-11D3-BF4B-00C04F79EFBC}") = "Unity.PlasticSCM.Editor", "Unity.PlasticSCM.Editor.csproj", "{E59CA045-A497-898F-675F-68D55E4C7694}"
EndProject
Project("{FAE04EC0-301F-11D3-BF4B-00C04F79EFBC}") = "UnityEditor.UI", "UnityEditor.UI.csproj", "{78822209-B9FB-6B7E-11F9-DAAEBFECF9ED}"
EndProject
Project("{FAE04EC0-301F-11D3-BF4B-00C04F79EFBC}") = "Unity.Services.Core.Editor", "Unity.Services.Core.Editor.csproj", "{C7084742-2334-F6F9-F25E-E1B00BA9E2E6}"
EndProject
Project("{FAE04EC0-301F-11D3-BF4B-00C04F79EFBC}") = "Unity.Timeline.Editor", "Unity.Timeline.Editor.csproj", "{0C92484E-D943-D449-48C5-B93A94CFC0BA}"
EndProject
Project("{FAE04EC0-301F-11D3-BF4B-00C04F79EFBC}") = "Unity.VisualStudio.Editor", "Unity.VisualStudio.Editor.csproj", "{E9B621FF-ACA7-8576-246F-9AB1CFFDBF38}"
EndProject
Project("{FAE04EC0-301F-11D3-BF4B-00C04F79EFBC}") = "Unity.TextMeshPro.Editor", "Unity.TextMeshPro.Editor.csproj", "{5F5CFCCB-C8BE-78C8-992E-6D9E81E0D920}"
EndProject
Project("{FAE04EC0-301F-11D3-BF4B-00C04F79EFBC}") = "Unity.CollabProxy.Editor", "Unity.CollabProxy.Editor.csproj", "{2863ED44-46BB-F7F6-4BF8-DCAE7D929936}"
EndProject
Project("{FAE04EC0-301F-11D3-BF4B-00C04F79EFBC}") = "Unity.Rider.Editor", "Unity.Rider.Editor.csproj", "{ACA023BC-A647-A5DD-7B5A-A6249AF043DC}"
EndProject
Project("{FAE04EC0-301F-11D3-BF4B-00C04F79EFBC}") = "Unity.VSCode.Editor", "Unity.VSCode.Editor.csproj", "{13422B65-5A6E-4ED3-A313-9AA3F4573D35}"
EndProject
Project("{FAE04EC0-301F-11D3-BF4B-00C04F79EFBC}") = "UnityEngine.TestRunner", "UnityEngine.TestRunner.Player.csproj", "{8E879EAB-0608-0454-E53F-A00FF28C7110}"
EndProject
Project("{FAE04EC0-301F-11D3-BF4B-00C04F79EFBC}") = "Unity.Timeline", "Unity.Timeline.Player.csproj", "{449BDA84-D196-9A2B-720D-9D93EA7AEFA9}"
EndProject
Project("{FAE04EC0-301F-11D3-BF4B-00C04F79EFBC}") = "UnityEngine.UI", "UnityEngine.UI.Player.csproj", "{839C00EF-6374-2CE6-59D2-A414CF4A156F}"
EndProject
Project("{FAE04EC0-301F-11D3-BF4B-00C04F79EFBC}") = "Unity.TextMeshPro", "Unity.TextMeshPro.Player.csproj", "{88743BA5-40D0-95D1-7E61-A639AF6E0817}"
EndProject
Project("{FAE04EC0-301F-11D3-BF4B-00C04F79EFBC}") = "Assembly-CSharp", "Assembly-CSharp.Player.csproj", "{0306264F-5561-FC07-AEB2-F820C57AB3AD}"
EndProject
Global
	GlobalSection(SolutionConfigurationPlatforms) = preSolution
		Debug|Any CPU = Debug|Any CPU
		Release|Any CPU = Release|Any CPU
	EndGlobalSection
	GlobalSection(ProjectConfigurationPlatforms) = postSolution
		{481690FB-E57B-7310-0FFB-839DF04719F3}.Debug|Any CPU.ActiveCfg = Debug|Any CPU
		{481690FB-E57B-7310-0FFB-839DF04719F3}.Debug|Any CPU.Build.0 = Debug|Any CPU
		{481690FB-E57B-7310-0FFB-839DF04719F3}.Release|Any CPU.ActiveCfg = Release|Any CPU
		{481690FB-E57B-7310-0FFB-839DF04719F3}.Release|Any CPU.Build.0 = Release|Any CPU
		{507D803E-DAB9-1654-B411-8E3E0567B25E}.Debug|Any CPU.ActiveCfg = Debug|Any CPU
		{507D803E-DAB9-1654-B411-8E3E0567B25E}.Debug|Any CPU.Build.0 = Debug|Any CPU
		{507D803E-DAB9-1654-B411-8E3E0567B25E}.Release|Any CPU.ActiveCfg = Release|Any CPU
		{507D803E-DAB9-1654-B411-8E3E0567B25E}.Release|Any CPU.Build.0 = Release|Any CPU
		{71C4590E-836F-C90C-A67B-EEA7B105445A}.Debug|Any CPU.ActiveCfg = Debug|Any CPU
		{71C4590E-836F-C90C-A67B-EEA7B105445A}.Debug|Any CPU.Build.0 = Debug|Any CPU
		{71C4590E-836F-C90C-A67B-EEA7B105445A}.Release|Any CPU.ActiveCfg = Release|Any CPU
		{71C4590E-836F-C90C-A67B-EEA7B105445A}.Release|Any CPU.Build.0 = Release|Any CPU
		{5FCD9DAF-26F1-6D6C-5EC2-827522EB9E95}.Debug|Any CPU.ActiveCfg = Debug|Any CPU
		{5FCD9DAF-26F1-6D6C-5EC2-827522EB9E95}.Debug|Any CPU.Build.0 = Debug|Any CPU
		{5FCD9DAF-26F1-6D6C-5EC2-827522EB9E95}.Release|Any CPU.ActiveCfg = Release|Any CPU
		{5FCD9DAF-26F1-6D6C-5EC2-827522EB9E95}.Release|Any CPU.Build.0 = Release|Any CPU
		{0C89DCFB-3BAD-6C28-6B5B-24F8CAF266D6}.Debug|Any CPU.ActiveCfg = Debug|Any CPU
		{0C89DCFB-3BAD-6C28-6B5B-24F8CAF266D6}.Debug|Any CPU.Build.0 = Debug|Any CPU
		{0C89DCFB-3BAD-6C28-6B5B-24F8CAF266D6}.Release|Any CPU.ActiveCfg = Release|Any CPU
		{0C89DCFB-3BAD-6C28-6B5B-24F8CAF266D6}.Release|Any CPU.Build.0 = Release|Any CPU
		{709AF680-A549-9627-C42D-1E8E67D2D2EB}.Debug|Any CPU.ActiveCfg = Debug|Any CPU
		{709AF680-A549-9627-C42D-1E8E67D2D2EB}.Debug|Any CPU.Build.0 = Debug|Any CPU
		{709AF680-A549-9627-C42D-1E8E67D2D2EB}.Release|Any CPU.ActiveCfg = Release|Any CPU
		{709AF680-A549-9627-C42D-1E8E67D2D2EB}.Release|Any CPU.Build.0 = Release|Any CPU
		{E59CA045-A497-898F-675F-68D55E4C7694}.Debug|Any CPU.ActiveCfg = Debug|Any CPU
		{E59CA045-A497-898F-675F-68D55E4C7694}.Debug|Any CPU.Build.0 = Debug|Any CPU
		{E59CA045-A497-898F-675F-68D55E4C7694}.Release|Any CPU.ActiveCfg = Release|Any CPU
		{E59CA045-A497-898F-675F-68D55E4C7694}.Release|Any CPU.Build.0 = Release|Any CPU
		{78822209-B9FB-6B7E-11F9-DAAEBFECF9ED}.Debug|Any CPU.ActiveCfg = Debug|Any CPU
		{78822209-B9FB-6B7E-11F9-DAAEBFECF9ED}.Debug|Any CPU.Build.0 = Debug|Any CPU
		{78822209-B9FB-6B7E-11F9-DAAEBFECF9ED}.Release|Any CPU.ActiveCfg = Release|Any CPU
		{78822209-B9FB-6B7E-11F9-DAAEBFECF9ED}.Release|Any CPU.Build.0 = Release|Any CPU
		{C7084742-2334-F6F9-F25E-E1B00BA9E2E6}.Debug|Any CPU.ActiveCfg = Debug|Any CPU
		{C7084742-2334-F6F9-F25E-E1B00BA9E2E6}.Debug|Any CPU.Build.0 = Debug|Any CPU
		{C7084742-2334-F6F9-F25E-E1B00BA9E2E6}.Release|Any CPU.ActiveCfg = Release|Any CPU
		{C7084742-2334-F6F9-F25E-E1B00BA9E2E6}.Release|Any CPU.Build.0 = Release|Any CPU
		{0C92484E-D943-D449-48C5-B93A94CFC0BA}.Debug|Any CPU.ActiveCfg = Debug|Any CPU
		{0C92484E-D943-D449-48C5-B93A94CFC0BA}.Debug|Any CPU.Build.0 = Debug|Any CPU
		{0C92484E-D943-D449-48C5-B93A94CFC0BA}.Release|Any CPU.ActiveCfg = Release|Any CPU
		{0C92484E-D943-D449-48C5-B93A94CFC0BA}.Release|Any CPU.Build.0 = Release|Any CPU
		{E9B621FF-ACA7-8576-246F-9AB1CFFDBF38}.Debug|Any CPU.ActiveCfg = Debug|Any CPU
		{E9B621FF-ACA7-8576-246F-9AB1CFFDBF38}.Debug|Any CPU.Build.0 = Debug|Any CPU
		{E9B621FF-ACA7-8576-246F-9AB1CFFDBF38}.Release|Any CPU.ActiveCfg = Release|Any CPU
		{E9B621FF-ACA7-8576-246F-9AB1CFFDBF38}.Release|Any CPU.Build.0 = Release|Any CPU
		{5F5CFCCB-C8BE-78C8-992E-6D9E81E0D920}.Debug|Any CPU.ActiveCfg = Debug|Any CPU
		{5F5CFCCB-C8BE-78C8-992E-6D9E81E0D920}.Debug|Any CPU.Build.0 = Debug|Any CPU
		{5F5CFCCB-C8BE-78C8-992E-6D9E81E0D920}.Release|Any CPU.ActiveCfg = Release|Any CPU
		{5F5CFCCB-C8BE-78C8-992E-6D9E81E0D920}.Release|Any CPU.Build.0 = Release|Any CPU
		{2863ED44-46BB-F7F6-4BF8-DCAE7D929936}.Debug|Any CPU.ActiveCfg = Debug|Any CPU
		{2863ED44-46BB-F7F6-4BF8-DCAE7D929936}.Debug|Any CPU.Build.0 = Debug|Any CPU
		{2863ED44-46BB-F7F6-4BF8-DCAE7D929936}.Release|Any CPU.ActiveCfg = Release|Any CPU
		{2863ED44-46BB-F7F6-4BF8-DCAE7D929936}.Release|Any CPU.Build.0 = Release|Any CPU
		{ACA023BC-A647-A5DD-7B5A-A6249AF043DC}.Debug|Any CPU.ActiveCfg = Debug|Any CPU
		{ACA023BC-A647-A5DD-7B5A-A6249AF043DC}.Debug|Any CPU.Build.0 = Debug|Any CPU
		{ACA023BC-A647-A5DD-7B5A-A6249AF043DC}.Release|Any CPU.ActiveCfg = Release|Any CPU
		{ACA023BC-A647-A5DD-7B5A-A6249AF043DC}.Release|Any CPU.Build.0 = Release|Any CPU
		{13422B65-5A6E-4ED3-A313-9AA3F4573D35}.Debug|Any CPU.ActiveCfg = Debug|Any CPU
		{13422B65-5A6E-4ED3-A313-9AA3F4573D35}.Debug|Any CPU.Build.0 = Debug|Any CPU
		{13422B65-5A6E-4ED3-A313-9AA3F4573D35}.Release|Any CPU.ActiveCfg = Release|Any CPU
		{13422B65-5A6E-4ED3-A313-9AA3F4573D35}.Release|Any CPU.Build.0 = Release|Any CPU
		{8E879EAB-0608-0454-E53F-A00FF28C7110}.Debug|Any CPU.ActiveCfg = Debug|Any CPU
		{8E879EAB-0608-0454-E53F-A00FF28C7110}.Debug|Any CPU.Build.0 = Debug|Any CPU
		{8E879EAB-0608-0454-E53F-A00FF28C7110}.Release|Any CPU.ActiveCfg = Release|Any CPU
		{8E879EAB-0608-0454-E53F-A00FF28C7110}.Release|Any CPU.Build.0 = Release|Any CPU
		{449BDA84-D196-9A2B-720D-9D93EA7AEFA9}.Debug|Any CPU.ActiveCfg = Debug|Any CPU
		{449BDA84-D196-9A2B-720D-9D93EA7AEFA9}.Debug|Any CPU.Build.0 = Debug|Any CPU
		{449BDA84-D196-9A2B-720D-9D93EA7AEFA9}.Release|Any CPU.ActiveCfg = Release|Any CPU
		{449BDA84-D196-9A2B-720D-9D93EA7AEFA9}.Release|Any CPU.Build.0 = Release|Any CPU
		{839C00EF-6374-2CE6-59D2-A414CF4A156F}.Debug|Any CPU.ActiveCfg = Debug|Any CPU
		{839C00EF-6374-2CE6-59D2-A414CF4A156F}.Debug|Any CPU.Build.0 = Debug|Any CPU
		{839C00EF-6374-2CE6-59D2-A414CF4A156F}.Release|Any CPU.ActiveCfg = Release|Any CPU
		{839C00EF-6374-2CE6-59D2-A414CF4A156F}.Release|Any CPU.Build.0 = Release|Any CPU
		{88743BA5-40D0-95D1-7E61-A639AF6E0817}.Debug|Any CPU.ActiveCfg = Debug|Any CPU
		{88743BA5-40D0-95D1-7E61-A639AF6E0817}.Debug|Any CPU.Build.0 = Debug|Any CPU
		{88743BA5-40D0-95D1-7E61-A639AF6E0817}.Release|Any CPU.ActiveCfg = Release|Any CPU
		{88743BA5-40D0-95D1-7E61-A639AF6E0817}.Release|Any CPU.Build.0 = Release|Any CPU
		{0306264F-5561-FC07-AEB2-F820C57AB3AD}.Debug|Any CPU.ActiveCfg = Debug|Any CPU
		{0306264F-5561-FC07-AEB2-F820C57AB3AD}.Debug|Any CPU.Build.0 = Debug|Any CPU
		{0306264F-5561-FC07-AEB2-F820C57AB3AD}.Release|Any CPU.ActiveCfg = Release|Any CPU
		{0306264F-5561-FC07-AEB2-F820C57AB3AD}.Release|Any CPU.Build.0 = Release|Any CPU
	EndGlobalSection
	GlobalSection(SolutionProperties) = preSolution
		HideSolutionNode = FALSE
	EndGlobalSection
EndGlobal
